
Microsoft Visual Studio Solution File, Format Version 12.00
# Visual Studio Version 16
VisualStudioVersion = 25.0.1704.2
MinimumVisualStudioVersion = 10.0.40219.1
Project("{FAE04EC0-301F-11D3-BF4B-00C04F79EFBC}") = "IS349Pro", "IS349Pro\IS349Pro.csproj", "{26894C51-876B-4A91-95A7-106E1033749C}"
EndProject
Global
	GlobalSection(SolutionConfigurationPlatforms) = preSolution
		Debug|Any CPU = Debug|Any CPU
		Release|Any CPU = Release|Any CPU
	EndGlobalSection
	GlobalSection(ProjectConfigurationPlatforms) = postSolution
		{26894C51-876B-4A91-95A7-106E1033749C}.Debug|Any CPU.ActiveCfg = Debug|Any CPU
		{26894C51-876B-4A91-95A7-106E1033749C}.Debug|Any CPU.Build.0 = Debug|Any CPU
		{26894C51-876B-4A91-95A7-106E1033749C}.Release|Any CPU.ActiveCfg = Release|Any CPU
		{26894C51-876B-4A91-95A7-106E1033749C}.Release|Any CPU.Build.0 = Release|Any CPU
	EndGlobalSection
	GlobalSection(SolutionProperties) = preSolution
		HideSolutionNode = FALSE
	EndGlobalSection
	GlobalSection(ExtensibilityGlobals) = postSolution
		SolutionGuid = {934B4C1B-FB16-49B5-9F6D-3383B8A2DC74}
	EndGlobalSection
EndGlobal
